
Microsoft Visual Studio Solution File, Format Version 12.00
# Visual Studio Version 17
VisualStudioVersion = 17.5.33530.505
MinimumVisualStudioVersion = 10.0.40219.1
Project("{FAE04EC0-301F-11D3-BF4B-00C04F79EFBC}") = "Laba1", "Laba1\Laba1.csproj", "{08D87D67-8DE2-4605-90C1-7731EAB8B297}"
EndProject
Global
	GlobalSection(SolutionConfigurationPlatforms) = preSolution
		Debug|Any CPU = Debug|Any CPU
		Release|Any CPU = Release|Any CPU
	EndGlobalSection
	GlobalSection(ProjectConfigurationPlatforms) = postSolution
		{08D87D67-8DE2-4605-90C1-7731EAB8B297}.Debug|Any CPU.ActiveCfg = Debug|Any CPU
		{08D87D67-8DE2-4605-90C1-7731EAB8B297}.Debug|Any CPU.Build.0 = Debug|Any CPU
		{08D87D67-8DE2-4605-90C1-7731EAB8B297}.Release|Any CPU.ActiveCfg = Release|Any CPU
		{08D87D67-8DE2-4605-90C1-7731EAB8B297}.Release|Any CPU.Build.0 = Release|Any CPU
	EndGlobalSection
	GlobalSection(SolutionProperties) = preSolution
		HideSolutionNode = FALSE
	EndGlobalSection
	GlobalSection(ExtensibilityGlobals) = postSolution
		SolutionGuid = {FAA69DE4-65BF-4EAF-B898-A9575940CB6C}
	EndGlobalSection
EndGlobal
